{
    "name": "openmemory",
    "lockfileVersion": 3,
    "requires": true,
    "packages": {
        "": {
            "name": "openmemory",
            "workspaces": [
                "packages/*"
            ],
            "devDependencies": {
                "@types/node": "^24.0.0",
                "typescript": "^5.8.2"
            }
        },
        "node_modules/.pnpm/@types+node@24.11.2": {
            "dev": true
        },
        "node_modules/.pnpm/@types+node@24.11.2/node_modules/@types/node": {
            "version": "24.11.2",
            "dev": true,
            "license": "MIT",
            "dependencies": {
                "undici-types": "~7.16.0"
            }
        },
        "node_modules/.pnpm/@types+node@24.11.2/node_modules/undici-types": {
            "resolved": "node_modules/.pnpm/undici-types@7.16.0/node_modules/undici-types",
            "link": true
        },
        "node_modules/.pnpm/typescript@5.9.3": {
            "dev": true
        },
        "node_modules/.pnpm/typescript@5.9.3/node_modules/typescript": {
            "version": "5.9.3",
            "dev": true,
            "license": "Apache-2.0",
            "bin": {
                "tsc": "bin/tsc",
                "tsserver": "bin/tsserver"
            },
            "engines": {
                "node": ">=14.17"
            }
        },
        "node_modules/.pnpm/undici-types@7.16.0/node_modules/undici-types": {
            "version": "7.16.0",
            "dev": true,
            "license": "MIT"
        },
        "node_modules/@openmemory/core": {
            "resolved": "packages/core",
            "link": true
        },
        "node_modules/@openmemory/sdk-js": {
            "resolved": "packages/sdk-js",
            "link": true
        },
        "node_modules/@openmemory/server": {
            "resolved": "packages/server",
            "link": true
        },
        "node_modules/@openmemory/store-sqlite": {
            "resolved": "packages/store-sqlite",
            "link": true
        },
        "node_modules/@types/node": {
            "resolved": "node_modules/.pnpm/@types+node@24.11.2/node_modules/@types/node",
            "link": true
        },
        "node_modules/typescript": {
            "resolved": "node_modules/.pnpm/typescript@5.9.3/node_modules/typescript",
            "link": true
        },
        "packages/core": {
            "name": "@openmemory/core",
            "version": "0.0.0"
        },
        "packages/sdk-js": {
            "name": "@openmemory/sdk-js",
            "version": "0.0.0"
        },
        "packages/server": {
            "name": "@openmemory/server",
            "version": "0.0.0"
        },
        "packages/store-sqlite": {
            "name": "@openmemory/store-sqlite",
            "version": "0.0.0"
        }
    }
}
