lockfileVersion: '9.0'

settings:
  autoInstallPeers: true
  excludeLinksFromLockfile: false

importers:

  .:
    devDependencies:
      '@types/node':
        specifier: ^24.0.0
        version: 24.11.2
      typescript:
        specifier: ^5.8.2
        version: 5.9.3

  packages/core: {}

  packages/sdk-js: {}

  packages/server: {}

packages:

  '@types/node@24.11.2':
    resolution: {integrity: sha512-HTsxyfkxTNxOXBsEdgIOzbMgBjDGPvkTfw0B1m09j1LFPk8u3tSL8SNBRTSc381wXXX/Wp93qPi1kQXwnWuHgA==}

  typescript@5.9.3:
    resolution: {integrity: sha512-jl1vZzPDinLr9eUt3J/t7V6FgNEw9QjvBPdysz9KfQDD41fQrC2Y4vKQdiaUpFT4bXlb1RHhLpp8wtm6M5TgSw==}
    engines: {node: '>=14.17'}
    hasBin: true

  undici-types@7.16.0:
    resolution: {integrity: sha512-Zz+aZWSj8LE6zoxD+xrjh4VfkIG8Ya6LvYkZqtUQGJPZjYl53ypCaUwWqo7eI0x66KBGeRo+mlBEkMSeSZ38Nw==}

snapshots:

  '@types/node@24.11.2':
    dependencies:
      undici-types: 7.16.0

  typescript@5.9.3: {}

  undici-types@7.16.0: {}
